{
  "version": 4,
  "terraform_version": "1.3.6",
  "serial": 15,
  "lineage": "d019d466-63cc-4ebd-2b4f-cfd5a652c2df",
  "outputs": {
    "computer_vision_endpoint": {
      "value": "https://westeurope.api.cognitive.microsoft.com/",
      "type": "string"
    },
    "computer_vision_id": {
      "value": "/subscriptions/c995f818-9672-4046-bcb1-d5107a3c08fc/resourceGroups/rg-ntt0qafi/providers/Microsoft.CognitiveServices/accounts/computervisionntt0qafi",
      "type": "string"
    },
    "computer_vision_primary_access_key": {
      "value": "61a05663b8eb4b53895e050b8d2f7904",
      "type": "string",
      "sensitive": true
    },
    "computer_vision_secondary_access_key": {
      "value": "ffecb9893c45480ea037e1ee9dc16d7c",
      "type": "string",
      "sensitive": true
    }
  },
  "resources": [
    {
      "mode": "managed",
      "type": "azurerm_resource_group",
      "name": "rg",
      "provider": "provider[\"registry.terraform.io/hashicorp/azurerm\"]",
      "instances": [
        {
          "schema_version": 0,
          "attributes": {
            "id": "/subscriptions/c995f818-9672-4046-bcb1-d5107a3c08fc/resourceGroups/rg-ntt0qafi",
            "location": "westeurope",
            "name": "rg-ntt0qafi",
            "tags": {},
            "timeouts": null
          },
          "sensitive_attributes": [],
          "private": "eyJlMmJmYjczMC1lY2FhLTExZTYtOGY4OC0zNDM2M2JjN2M0YzAiOnsiY3JlYXRlIjo1NDAwMDAwMDAwMDAwLCJkZWxldGUiOjU0MDAwMDAwMDAwMDAsInJlYWQiOjMwMDAwMDAwMDAwMCwidXBkYXRlIjo1NDAwMDAwMDAwMDAwfX0=",
          "dependencies": [
            "random_string.unique"
          ]
        }
      ]
    },
    {
      "mode": "managed",
      "type": "random_string",
      "name": "unique",
      "provider": "provider[\"registry.terraform.io/hashicorp/random\"]",
      "instances": [
        {
          "schema_version": 2,
          "attributes": {
            "id": "qafi",
            "keepers": null,
            "length": 4,
            "lower": true,
            "min_lower": 0,
            "min_numeric": 0,
            "min_special": 0,
            "min_upper": 0,
            "number": false,
            "numeric": false,
            "override_special": null,
            "result": "qafi",
            "special": false,
            "upper": false
          },
          "sensitive_attributes": []
        }
      ]
    },
    {
      "module": "module.computervision",
      "mode": "data",
      "type": "azurerm_resource_group",
      "name": "rg",
      "provider": "provider[\"registry.terraform.io/hashicorp/azurerm\"]",
      "instances": [
        {
          "index_key": 0,
          "schema_version": 0,
          "attributes": {
            "id": "/subscriptions/c995f818-9672-4046-bcb1-d5107a3c08fc/resourceGroups/rg-ntt0qafi",
            "location": "westeurope",
            "name": "rg-ntt0qafi",
            "tags": {},
            "timeouts": null
          },
          "sensitive_attributes": []
        }
      ]
    },
    {
      "module": "module.computervision",
      "mode": "managed",
      "type": "azurerm_cognitive_account",
      "name": "computer_vision_service",
      "provider": "provider[\"registry.terraform.io/hashicorp/azurerm\"]",
      "instances": [
        {
          "schema_version": 0,
          "attributes": {
            "custom_question_answering_search_service_id": null,
            "custom_question_answering_search_service_key": null,
            "custom_subdomain_name": "",
            "customer_managed_key": [],
            "dynamic_throttling_enabled": false,
            "endpoint": "https://westeurope.api.cognitive.microsoft.com/",
            "fqdns": [],
            "id": "/subscriptions/c995f818-9672-4046-bcb1-d5107a3c08fc/resourceGroups/rg-ntt0qafi/providers/Microsoft.CognitiveServices/accounts/computervisionntt0qafi",
            "identity": [],
            "kind": "ComputerVision",
            "local_auth_enabled": true,
            "location": "westeurope",
            "metrics_advisor_aad_client_id": null,
            "metrics_advisor_aad_tenant_id": null,
            "metrics_advisor_super_user_name": null,
            "metrics_advisor_website_name": null,
            "name": "computervisionntt0qafi",
            "network_acls": [],
            "outbound_network_access_restricted": false,
            "primary_access_key": "61a05663b8eb4b53895e050b8d2f7904",
            "public_network_access_enabled": true,
            "qna_runtime_endpoint": null,
            "resource_group_name": "rg-ntt0qafi",
            "secondary_access_key": "ffecb9893c45480ea037e1ee9dc16d7c",
            "sku_name": "F0",
            "storage": [],
            "tags": {
              "environment": "test",
              "owner": "ntt"
            },
            "timeouts": null
          },
          "sensitive_attributes": [],
          "private": "eyJlMmJmYjczMC1lY2FhLTExZTYtOGY4OC0zNDM2M2JjN2M0YzAiOnsiY3JlYXRlIjoxODAwMDAwMDAwMDAwLCJkZWxldGUiOjE4MDAwMDAwMDAwMDAsInJlYWQiOjMwMDAwMDAwMDAwMCwidXBkYXRlIjoxODAwMDAwMDAwMDAwfX0=",
          "dependencies": [
            "azurerm_resource_group.rg",
            "module.computervision.azurerm_resource_group.rg",
            "module.computervision.data.azurerm_resource_group.rg",
            "random_string.unique"
          ]
        }
      ]
    }
  ],
  "check_results": null
}
